
Microsoft Visual Studio Solution File, Format Version 12.00
# Visual Studio Version 16
VisualStudioVersion = 16.0.31729.503
MinimumVisualStudioVersion = 10.0.40219.1
Project("{9A19103F-16F7-4668-BE54-9A1E7A4F7556}") = "TestiApp", "TestiApp\TestiApp.csproj", "{E269F31E-A2E0-4B01-B9EF-8D4F87DE6160}"
EndProject
Project("{9A19103F-16F7-4668-BE54-9A1E7A4F7556}") = "HarjoitusAjoneuvo", "HarjoitusAjoneuvo\HarjoitusAjoneuvo.csproj", "{226E3F90-29C5-4E3E-8CB3-D81912DE5FF5}"
EndProject
Project("{9A19103F-16F7-4668-BE54-9A1E7A4F7556}") = "Harjoitus2", "Harjoitus2\Harjoitus2.csproj", "{B01C89F5-9AE9-47F2-BBA1-EE41A97FBB73}"
EndProject
Project("{9A19103F-16F7-4668-BE54-9A1E7A4F7556}") = "Harjoitus3", "Harjoitus3\Harjoitus3.csproj", "{8908652E-CC6E-4037-8BE0-E04E694E5F38}"
EndProject
Project("{9A19103F-16F7-4668-BE54-9A1E7A4F7556}") = "Tehtävä4", "Tehtävä4\Tehtävä4.csproj", "{6C994C1A-6DDD-40F8-9421-4ED86497185B}"
EndProject
Project("{9A19103F-16F7-4668-BE54-9A1E7A4F7556}") = "päivä2Esimerkki1", "päivä2Esimerkki1\päivä2Esimerkki1.csproj", "{8426FFCA-29D6-49B1-AA01-A42BD7E640D6}"
EndProject
Project("{9A19103F-16F7-4668-BE54-9A1E7A4F7556}") = "Laskin", "Laskin\Laskin.csproj", "{0DC84DBC-FE29-41E6-9882-677AEA0B313E}"
EndProject
Project("{9A19103F-16F7-4668-BE54-9A1E7A4F7556}") = "perintä", "perintä\perintä.csproj", "{958D6B87-6EED-41BA-BE0E-A770663DEAE9}"
EndProject
Project("{9A19103F-16F7-4668-BE54-9A1E7A4F7556}") = "Abstraktisuus", "Abstraktisuus\Abstraktisuus.csproj", "{EC09583C-FA88-47C5-8C57-E25AC0BB00AA}"
EndProject
Project("{9A19103F-16F7-4668-BE54-9A1E7A4F7556}") = "Harjoitus6", "Harjoitus6\Harjoitus6.csproj", "{3A16771D-910D-4EA1-BB1B-9264936CDD77}"
EndProject
Project("{9A19103F-16F7-4668-BE54-9A1E7A4F7556}") = "Harjoitus7", "Harjoitus7\Harjoitus7.csproj", "{460746E9-7AD7-477E-A0ED-0C768E85EDE4}"
EndProject
Project("{9A19103F-16F7-4668-BE54-9A1E7A4F7556}") = "KT8", "KT8\KT8.csproj", "{21D5159F-95AC-4ADA-8A08-833BCBE0DABF}"
EndProject
Project("{9A19103F-16F7-4668-BE54-9A1E7A4F7556}") = "KT9", "KT9\KT9.csproj", "{305D7037-1EED-4F4B-922C-17BE235F1FE7}"
EndProject
Project("{9A19103F-16F7-4668-BE54-9A1E7A4F7556}") = "Harjoitus10", "Harjoitus10\Harjoitus10.csproj", "{3BEBD760-BE64-4AFC-9ACE-CFE14B30B292}"
EndProject
Project("{9A19103F-16F7-4668-BE54-9A1E7A4F7556}") = "Kokoelmat list", "Kokoelmat list\Kokoelmat list.csproj", "{56A4E12D-6274-4E74-9C9F-5E52323C29BE}"
EndProject
Project("{9A19103F-16F7-4668-BE54-9A1E7A4F7556}") = "tehtävä11", "tehtävä11\tehtävä11.csproj", "{44AF92B1-CA8E-460A-A62A-F8B1D2DDE7D4}"
EndProject
Project("{9A19103F-16F7-4668-BE54-9A1E7A4F7556}") = "tehtävä 12", "tehtävä 12\tehtävä 12.csproj", "{33163067-303E-4159-8E3E-9731FB8C2644}"
EndProject
Project("{9A19103F-16F7-4668-BE54-9A1E7A4F7556}") = "tehtävä 13", "tehtävä 13\tehtävä 13.csproj", "{A9265F0E-2301-462F-B9CC-6F1A07572335}"
EndProject
Project("{FAE04EC0-301F-11D3-BF4B-00C04F79EFBC}") = "tehtävä 15", "tehtävä 15\tehtävä 15.csproj", "{A78D1287-BE95-4734-A6A3-51F0124FCD75}"
EndProject
Project("{FAE04EC0-301F-11D3-BF4B-00C04F79EFBC}") = "Harjoitus16", "Harjoitus16\Harjoitus16.csproj", "{FD8F8030-27D2-4330-B9A2-220D388791B7}"
EndProject
Project("{FAE04EC0-301F-11D3-BF4B-00C04F79EFBC}") = "tehtävä 17", "tehtävä 17\tehtävä 17.csproj", "{C7F57B64-70A8-49C0-AE56-6DD910792402}"
EndProject
Project("{FAE04EC0-301F-11D3-BF4B-00C04F79EFBC}") = "Tehtävä 18", "Tehtävä 18\Tehtävä 18.csproj", "{326421D8-8D61-42D2-84E6-D38356232971}"
EndProject
Project("{FAE04EC0-301F-11D3-BF4B-00C04F79EFBC}") = "laskinharjoitus", "laskinharjoitus\laskinharjoitus.csproj", "{B3D3DAEC-BB74-443C-B67C-73A8CA7261FA}"
EndProject
Project("{FAE04EC0-301F-11D3-BF4B-00C04F79EFBC}") = "SivujenVaihto", "SivujenVaihto\SivujenVaihto.csproj", "{50056E2A-459B-456C-90C0-8738581AB3DD}"
EndProject
Project("{FAE04EC0-301F-11D3-BF4B-00C04F79EFBC}") = "Harjoitus19", "Hissi\Harjoitus19.csproj", "{E8FF5130-4E0E-48FF-9167-E4A077430044}"
EndProject
Project("{FAE04EC0-301F-11D3-BF4B-00C04F79EFBC}") = "Harjoitus20", "Harjoitus20\Harjoitus20.csproj", "{8BC71CF1-480B-49E1-BA33-AB7922E69029}"
EndProject
Project("{FAE04EC0-301F-11D3-BF4B-00C04F79EFBC}") = "harjoitus23", "harjoitus23\harjoitus23.csproj", "{36287AE2-9940-4087-B50A-E3391D622482}"
EndProject
Project("{FAE04EC0-301F-11D3-BF4B-00C04F79EFBC}") = "tehtävä21", "tehtävä21\tehtävä21.csproj", "{BBEF8D17-EC7E-4A98-9198-0F3A235501AE}"
EndProject
Project("{FAE04EC0-301F-11D3-BF4B-00C04F79EFBC}") = "tehtävä 24", "tehtävä 24\tehtävä 24.csproj", "{A30FF410-2236-414B-8A5E-4079A23F60B5}"
EndProject
Project("{FAE04EC0-301F-11D3-BF4B-00C04F79EFBC}") = "tehtävä24", "tehtävä24\tehtävä24.csproj", "{F8FBABE9-BCDD-479B-A487-313E0EA3D891}"
EndProject
Project("{FAE04EC0-301F-11D3-BF4B-00C04F79EFBC}") = "tehtävä 26 Oma sovellus", "tehtävä 26 Oma sovellus\tehtävä 26 Oma sovellus.csproj", "{80BE4CDC-709C-4553-B08F-C9D42540A01C}"
EndProject
Global
	GlobalSection(SolutionConfigurationPlatforms) = preSolution
		Debug|Any CPU = Debug|Any CPU
		Release|Any CPU = Release|Any CPU
	EndGlobalSection
	GlobalSection(ProjectConfigurationPlatforms) = postSolution
		{E269F31E-A2E0-4B01-B9EF-8D4F87DE6160}.Debug|Any CPU.ActiveCfg = Debug|Any CPU
		{E269F31E-A2E0-4B01-B9EF-8D4F87DE6160}.Debug|Any CPU.Build.0 = Debug|Any CPU
		{E269F31E-A2E0-4B01-B9EF-8D4F87DE6160}.Release|Any CPU.ActiveCfg = Release|Any CPU
		{E269F31E-A2E0-4B01-B9EF-8D4F87DE6160}.Release|Any CPU.Build.0 = Release|Any CPU
		{226E3F90-29C5-4E3E-8CB3-D81912DE5FF5}.Debug|Any CPU.ActiveCfg = Debug|Any CPU
		{226E3F90-29C5-4E3E-8CB3-D81912DE5FF5}.Debug|Any CPU.Build.0 = Debug|Any CPU
		{226E3F90-29C5-4E3E-8CB3-D81912DE5FF5}.Release|Any CPU.ActiveCfg = Release|Any CPU
		{226E3F90-29C5-4E3E-8CB3-D81912DE5FF5}.Release|Any CPU.Build.0 = Release|Any CPU
		{B01C89F5-9AE9-47F2-BBA1-EE41A97FBB73}.Debug|Any CPU.ActiveCfg = Debug|Any CPU
		{B01C89F5-9AE9-47F2-BBA1-EE41A97FBB73}.Debug|Any CPU.Build.0 = Debug|Any CPU
		{B01C89F5-9AE9-47F2-BBA1-EE41A97FBB73}.Release|Any CPU.ActiveCfg = Release|Any CPU
		{B01C89F5-9AE9-47F2-BBA1-EE41A97FBB73}.Release|Any CPU.Build.0 = Release|Any CPU
		{8908652E-CC6E-4037-8BE0-E04E694E5F38}.Debug|Any CPU.ActiveCfg = Debug|Any CPU
		{8908652E-CC6E-4037-8BE0-E04E694E5F38}.Debug|Any CPU.Build.0 = Debug|Any CPU
		{8908652E-CC6E-4037-8BE0-E04E694E5F38}.Release|Any CPU.ActiveCfg = Release|Any CPU
		{8908652E-CC6E-4037-8BE0-E04E694E5F38}.Release|Any CPU.Build.0 = Release|Any CPU
		{6C994C1A-6DDD-40F8-9421-4ED86497185B}.Debug|Any CPU.ActiveCfg = Debug|Any CPU
		{6C994C1A-6DDD-40F8-9421-4ED86497185B}.Debug|Any CPU.Build.0 = Debug|Any CPU
		{6C994C1A-6DDD-40F8-9421-4ED86497185B}.Release|Any CPU.ActiveCfg = Release|Any CPU
		{6C994C1A-6DDD-40F8-9421-4ED86497185B}.Release|Any CPU.Build.0 = Release|Any CPU
		{8426FFCA-29D6-49B1-AA01-A42BD7E640D6}.Debug|Any CPU.ActiveCfg = Debug|Any CPU
		{8426FFCA-29D6-49B1-AA01-A42BD7E640D6}.Debug|Any CPU.Build.0 = Debug|Any CPU
		{8426FFCA-29D6-49B1-AA01-A42BD7E640D6}.Release|Any CPU.ActiveCfg = Release|Any CPU
		{8426FFCA-29D6-49B1-AA01-A42BD7E640D6}.Release|Any CPU.Build.0 = Release|Any CPU
		{0DC84DBC-FE29-41E6-9882-677AEA0B313E}.Debug|Any CPU.ActiveCfg = Debug|Any CPU
		{0DC84DBC-FE29-41E6-9882-677AEA0B313E}.Debug|Any CPU.Build.0 = Debug|Any CPU
		{0DC84DBC-FE29-41E6-9882-677AEA0B313E}.Release|Any CPU.ActiveCfg = Release|Any CPU
		{0DC84DBC-FE29-41E6-9882-677AEA0B313E}.Release|Any CPU.Build.0 = Release|Any CPU
		{958D6B87-6EED-41BA-BE0E-A770663DEAE9}.Debug|Any CPU.ActiveCfg = Debug|Any CPU
		{958D6B87-6EED-41BA-BE0E-A770663DEAE9}.Debug|Any CPU.Build.0 = Debug|Any CPU
		{958D6B87-6EED-41BA-BE0E-A770663DEAE9}.Release|Any CPU.ActiveCfg = Release|Any CPU
		{958D6B87-6EED-41BA-BE0E-A770663DEAE9}.Release|Any CPU.Build.0 = Release|Any CPU
		{EC09583C-FA88-47C5-8C57-E25AC0BB00AA}.Debug|Any CPU.ActiveCfg = Debug|Any CPU
		{EC09583C-FA88-47C5-8C57-E25AC0BB00AA}.Debug|Any CPU.Build.0 = Debug|Any CPU
		{EC09583C-FA88-47C5-8C57-E25AC0BB00AA}.Release|Any CPU.ActiveCfg = Release|Any CPU
		{EC09583C-FA88-47C5-8C57-E25AC0BB00AA}.Release|Any CPU.Build.0 = Release|Any CPU
		{3A16771D-910D-4EA1-BB1B-9264936CDD77}.Debug|Any CPU.ActiveCfg = Debug|Any CPU
		{3A16771D-910D-4EA1-BB1B-9264936CDD77}.Debug|Any CPU.Build.0 = Debug|Any CPU
		{3A16771D-910D-4EA1-BB1B-9264936CDD77}.Release|Any CPU.ActiveCfg = Release|Any CPU
		{3A16771D-910D-4EA1-BB1B-9264936CDD77}.Release|Any CPU.Build.0 = Release|Any CPU
		{460746E9-7AD7-477E-A0ED-0C768E85EDE4}.Debug|Any CPU.ActiveCfg = Debug|Any CPU
		{460746E9-7AD7-477E-A0ED-0C768E85EDE4}.Debug|Any CPU.Build.0 = Debug|Any CPU
		{460746E9-7AD7-477E-A0ED-0C768E85EDE4}.Release|Any CPU.ActiveCfg = Release|Any CPU
		{460746E9-7AD7-477E-A0ED-0C768E85EDE4}.Release|Any CPU.Build.0 = Release|Any CPU
		{21D5159F-95AC-4ADA-8A08-833BCBE0DABF}.Debug|Any CPU.ActiveCfg = Debug|Any CPU
		{21D5159F-95AC-4ADA-8A08-833BCBE0DABF}.Debug|Any CPU.Build.0 = Debug|Any CPU
		{21D5159F-95AC-4ADA-8A08-833BCBE0DABF}.Release|Any CPU.ActiveCfg = Release|Any CPU
		{21D5159F-95AC-4ADA-8A08-833BCBE0DABF}.Release|Any CPU.Build.0 = Release|Any CPU
		{305D7037-1EED-4F4B-922C-17BE235F1FE7}.Debug|Any CPU.ActiveCfg = Debug|Any CPU
		{305D7037-1EED-4F4B-922C-17BE235F1FE7}.Debug|Any CPU.Build.0 = Debug|Any CPU
		{305D7037-1EED-4F4B-922C-17BE235F1FE7}.Release|Any CPU.ActiveCfg = Release|Any CPU
		{305D7037-1EED-4F4B-922C-17BE235F1FE7}.Release|Any CPU.Build.0 = Release|Any CPU
		{3BEBD760-BE64-4AFC-9ACE-CFE14B30B292}.Debug|Any CPU.ActiveCfg = Debug|Any CPU
		{3BEBD760-BE64-4AFC-9ACE-CFE14B30B292}.Debug|Any CPU.Build.0 = Debug|Any CPU
		{3BEBD760-BE64-4AFC-9ACE-CFE14B30B292}.Release|Any CPU.ActiveCfg = Release|Any CPU
		{3BEBD760-BE64-4AFC-9ACE-CFE14B30B292}.Release|Any CPU.Build.0 = Release|Any CPU
		{56A4E12D-6274-4E74-9C9F-5E52323C29BE}.Debug|Any CPU.ActiveCfg = Debug|Any CPU
		{56A4E12D-6274-4E74-9C9F-5E52323C29BE}.Debug|Any CPU.Build.0 = Debug|Any CPU
		{56A4E12D-6274-4E74-9C9F-5E52323C29BE}.Release|Any CPU.ActiveCfg = Release|Any CPU
		{56A4E12D-6274-4E74-9C9F-5E52323C29BE}.Release|Any CPU.Build.0 = Release|Any CPU
		{44AF92B1-CA8E-460A-A62A-F8B1D2DDE7D4}.Debug|Any CPU.ActiveCfg = Debug|Any CPU
		{44AF92B1-CA8E-460A-A62A-F8B1D2DDE7D4}.Debug|Any CPU.Build.0 = Debug|Any CPU
		{44AF92B1-CA8E-460A-A62A-F8B1D2DDE7D4}.Release|Any CPU.ActiveCfg = Release|Any CPU
		{44AF92B1-CA8E-460A-A62A-F8B1D2DDE7D4}.Release|Any CPU.Build.0 = Release|Any CPU
		{33163067-303E-4159-8E3E-9731FB8C2644}.Debug|Any CPU.ActiveCfg = Debug|Any CPU
		{33163067-303E-4159-8E3E-9731FB8C2644}.Debug|Any CPU.Build.0 = Debug|Any CPU
		{33163067-303E-4159-8E3E-9731FB8C2644}.Release|Any CPU.ActiveCfg = Release|Any CPU
		{33163067-303E-4159-8E3E-9731FB8C2644}.Release|Any CPU.Build.0 = Release|Any CPU
		{A9265F0E-2301-462F-B9CC-6F1A07572335}.Debug|Any CPU.ActiveCfg = Debug|Any CPU
		{A9265F0E-2301-462F-B9CC-6F1A07572335}.Debug|Any CPU.Build.0 = Debug|Any CPU
		{A9265F0E-2301-462F-B9CC-6F1A07572335}.Release|Any CPU.ActiveCfg = Release|Any CPU
		{A9265F0E-2301-462F-B9CC-6F1A07572335}.Release|Any CPU.Build.0 = Release|Any CPU
		{A78D1287-BE95-4734-A6A3-51F0124FCD75}.Debug|Any CPU.ActiveCfg = Debug|Any CPU
		{A78D1287-BE95-4734-A6A3-51F0124FCD75}.Debug|Any CPU.Build.0 = Debug|Any CPU
		{A78D1287-BE95-4734-A6A3-51F0124FCD75}.Release|Any CPU.ActiveCfg = Release|Any CPU
		{A78D1287-BE95-4734-A6A3-51F0124FCD75}.Release|Any CPU.Build.0 = Release|Any CPU
		{FD8F8030-27D2-4330-B9A2-220D388791B7}.Debug|Any CPU.ActiveCfg = Debug|Any CPU
		{FD8F8030-27D2-4330-B9A2-220D388791B7}.Debug|Any CPU.Build.0 = Debug|Any CPU
		{FD8F8030-27D2-4330-B9A2-220D388791B7}.Release|Any CPU.ActiveCfg = Release|Any CPU
		{FD8F8030-27D2-4330-B9A2-220D388791B7}.Release|Any CPU.Build.0 = Release|Any CPU
		{C7F57B64-70A8-49C0-AE56-6DD910792402}.Debug|Any CPU.ActiveCfg = Debug|Any CPU
		{C7F57B64-70A8-49C0-AE56-6DD910792402}.Debug|Any CPU.Build.0 = Debug|Any CPU
		{C7F57B64-70A8-49C0-AE56-6DD910792402}.Release|Any CPU.ActiveCfg = Release|Any CPU
		{C7F57B64-70A8-49C0-AE56-6DD910792402}.Release|Any CPU.Build.0 = Release|Any CPU
		{326421D8-8D61-42D2-84E6-D38356232971}.Debug|Any CPU.ActiveCfg = Debug|Any CPU
		{326421D8-8D61-42D2-84E6-D38356232971}.Debug|Any CPU.Build.0 = Debug|Any CPU
		{326421D8-8D61-42D2-84E6-D38356232971}.Release|Any CPU.ActiveCfg = Release|Any CPU
		{326421D8-8D61-42D2-84E6-D38356232971}.Release|Any CPU.Build.0 = Release|Any CPU
		{B3D3DAEC-BB74-443C-B67C-73A8CA7261FA}.Debug|Any CPU.ActiveCfg = Debug|Any CPU
		{B3D3DAEC-BB74-443C-B67C-73A8CA7261FA}.Debug|Any CPU.Build.0 = Debug|Any CPU
		{B3D3DAEC-BB74-443C-B67C-73A8CA7261FA}.Release|Any CPU.ActiveCfg = Release|Any CPU
		{B3D3DAEC-BB74-443C-B67C-73A8CA7261FA}.Release|Any CPU.Build.0 = Release|Any CPU
		{50056E2A-459B-456C-90C0-8738581AB3DD}.Debug|Any CPU.ActiveCfg = Debug|Any CPU
		{50056E2A-459B-456C-90C0-8738581AB3DD}.Debug|Any CPU.Build.0 = Debug|Any CPU
		{50056E2A-459B-456C-90C0-8738581AB3DD}.Release|Any CPU.ActiveCfg = Release|Any CPU
		{50056E2A-459B-456C-90C0-8738581AB3DD}.Release|Any CPU.Build.0 = Release|Any CPU
		{E8FF5130-4E0E-48FF-9167-E4A077430044}.Debug|Any CPU.ActiveCfg = Debug|Any CPU
		{E8FF5130-4E0E-48FF-9167-E4A077430044}.Debug|Any CPU.Build.0 = Debug|Any CPU
		{E8FF5130-4E0E-48FF-9167-E4A077430044}.Release|Any CPU.ActiveCfg = Release|Any CPU
		{E8FF5130-4E0E-48FF-9167-E4A077430044}.Release|Any CPU.Build.0 = Release|Any CPU
		{8BC71CF1-480B-49E1-BA33-AB7922E69029}.Debug|Any CPU.ActiveCfg = Debug|Any CPU
		{8BC71CF1-480B-49E1-BA33-AB7922E69029}.Debug|Any CPU.Build.0 = Debug|Any CPU
		{8BC71CF1-480B-49E1-BA33-AB7922E69029}.Release|Any CPU.ActiveCfg = Release|Any CPU
		{8BC71CF1-480B-49E1-BA33-AB7922E69029}.Release|Any CPU.Build.0 = Release|Any CPU
		{36287AE2-9940-4087-B50A-E3391D622482}.Debug|Any CPU.ActiveCfg = Debug|Any CPU
		{36287AE2-9940-4087-B50A-E3391D622482}.Debug|Any CPU.Build.0 = Debug|Any CPU
		{36287AE2-9940-4087-B50A-E3391D622482}.Release|Any CPU.ActiveCfg = Release|Any CPU
		{36287AE2-9940-4087-B50A-E3391D622482}.Release|Any CPU.Build.0 = Release|Any CPU
		{BBEF8D17-EC7E-4A98-9198-0F3A235501AE}.Debug|Any CPU.ActiveCfg = Debug|Any CPU
		{BBEF8D17-EC7E-4A98-9198-0F3A235501AE}.Debug|Any CPU.Build.0 = Debug|Any CPU
		{BBEF8D17-EC7E-4A98-9198-0F3A235501AE}.Release|Any CPU.ActiveCfg = Release|Any CPU
		{BBEF8D17-EC7E-4A98-9198-0F3A235501AE}.Release|Any CPU.Build.0 = Release|Any CPU
		{A30FF410-2236-414B-8A5E-4079A23F60B5}.Debug|Any CPU.ActiveCfg = Debug|Any CPU
		{A30FF410-2236-414B-8A5E-4079A23F60B5}.Debug|Any CPU.Build.0 = Debug|Any CPU
		{A30FF410-2236-414B-8A5E-4079A23F60B5}.Release|Any CPU.ActiveCfg = Release|Any CPU
		{A30FF410-2236-414B-8A5E-4079A23F60B5}.Release|Any CPU.Build.0 = Release|Any CPU
		{F8FBABE9-BCDD-479B-A487-313E0EA3D891}.Debug|Any CPU.ActiveCfg = Debug|Any CPU
		{F8FBABE9-BCDD-479B-A487-313E0EA3D891}.Debug|Any CPU.Build.0 = Debug|Any CPU
		{F8FBABE9-BCDD-479B-A487-313E0EA3D891}.Release|Any CPU.ActiveCfg = Release|Any CPU
		{F8FBABE9-BCDD-479B-A487-313E0EA3D891}.Release|Any CPU.Build.0 = Release|Any CPU
		{80BE4CDC-709C-4553-B08F-C9D42540A01C}.Debug|Any CPU.ActiveCfg = Debug|Any CPU
		{80BE4CDC-709C-4553-B08F-C9D42540A01C}.Debug|Any CPU.Build.0 = Debug|Any CPU
		{80BE4CDC-709C-4553-B08F-C9D42540A01C}.Release|Any CPU.ActiveCfg = Release|Any CPU
		{80BE4CDC-709C-4553-B08F-C9D42540A01C}.Release|Any CPU.Build.0 = Release|Any CPU
	EndGlobalSection
	GlobalSection(SolutionProperties) = preSolution
		HideSolutionNode = FALSE
	EndGlobalSection
	GlobalSection(ExtensibilityGlobals) = postSolution
		SolutionGuid = {A9716691-3872-4FE9-8960-25DF06A04B69}
	EndGlobalSection
EndGlobal
