
Microsoft Visual Studio Solution File, Format Version 12.00
# Visual Studio Version 16
VisualStudioVersion = 16.0.31729.503
MinimumVisualStudioVersion = 10.0.40219.1
Project("{9A19103F-16F7-4668-BE54-9A1E7A4F7556}") = "TestiApp", "TestiApp\TestiApp.csproj", "{E269F31E-A2E0-4B01-B9EF-8D4F87DE6160}"
EndProject
Project("{9A19103F-16F7-4668-BE54-9A1E7A4F7556}") = "HarjoitusAjoneuvo", "HarjoitusAjoneuvo\HarjoitusAjoneuvo.csproj", "{226E3F90-29C5-4E3E-8CB3-D81912DE5FF5}"
EndProject
Project("{9A19103F-16F7-4668-BE54-9A1E7A4F7556}") = "Harjoitus2", "Harjoitus2\Harjoitus2.csproj", "{B01C89F5-9AE9-47F2-BBA1-EE41A97FBB73}"
EndProject
Project("{9A19103F-16F7-4668-BE54-9A1E7A4F7556}") = "Harjoitus3", "Harjoitus3\Harjoitus3.csproj", "{8908652E-CC6E-4037-8BE0-E04E694E5F38}"
EndProject
Project("{9A19103F-16F7-4668-BE54-9A1E7A4F7556}") = "Tehtävä4", "Tehtävä4\Tehtävä4.csproj", "{6C994C1A-6DDD-40F8-9421-4ED86497185B}"
EndProject
Project("{9A19103F-16F7-4668-BE54-9A1E7A4F7556}") = "päivä2Esimerkki1", "päivä2Esimerkki1\päivä2Esimerkki1.csproj", "{8426FFCA-29D6-49B1-AA01-A42BD7E640D6}"
EndProject
Project("{9A19103F-16F7-4668-BE54-9A1E7A4F7556}") = "Laskin", "Laskin\Laskin.csproj", "{0DC84DBC-FE29-41E6-9882-677AEA0B313E}"
EndProject
Project("{9A19103F-16F7-4668-BE54-9A1E7A4F7556}") = "perintä", "perintä\perintä.csproj", "{958D6B87-6EED-41BA-BE0E-A770663DEAE9}"
EndProject
Project("{9A19103F-16F7-4668-BE54-9A1E7A4F7556}") = "Abstraktisuus", "Abstraktisuus\Abstraktisuus.csproj", "{EC09583C-FA88-47C5-8C57-E25AC0BB00AA}"
EndProject
Project("{9A19103F-16F7-4668-BE54-9A1E7A4F7556}") = "Harjoitus6", "Harjoitus6\Harjoitus6.csproj", "{3A16771D-910D-4EA1-BB1B-9264936CDD77}"
EndProject
Project("{9A19103F-16F7-4668-BE54-9A1E7A4F7556}") = "Harjoitus7", "Harjoitus7\Harjoitus7.csproj", "{460746E9-7AD7-477E-A0ED-0C768E85EDE4}"
EndProject
Project("{9A19103F-16F7-4668-BE54-9A1E7A4F7556}") = "KT8", "KT8\KT8.csproj", "{21D5159F-95AC-4ADA-8A08-833BCBE0DABF}"
EndProject
Project("{9A19103F-16F7-4668-BE54-9A1E7A4F7556}") = "KT9", "KT9\KT9.csproj", "{305D7037-1EED-4F4B-922C-17BE235F1FE7}"
EndProject
Project("{FAE04EC0-301F-11D3-BF4B-00C04F79EFBC}") = "Harjoitus10", "Harjoitus10\Harjoitus10.csproj", "{3BEBD760-BE64-4AFC-9ACE-CFE14B30B292}"
EndProject
Project("{FAE04EC0-301F-11D3-BF4B-00C04F79EFBC}") = "Kokoelmat list", "Kokoelmat list\Kokoelmat list.csproj", "{56A4E12D-6274-4E74-9C9F-5E52323C29BE}"
EndProject
Project("{FAE04EC0-301F-11D3-BF4B-00C04F79EFBC}") = "tehtävä11", "tehtävä11\tehtävä11.csproj", "{44AF92B1-CA8E-460A-A62A-F8B1D2DDE7D4}"
EndProject
Global
	GlobalSection(SolutionConfigurationPlatforms) = preSolution
		Debug|Any CPU = Debug|Any CPU
		Release|Any CPU = Release|Any CPU
	EndGlobalSection
	GlobalSection(ProjectConfigurationPlatforms) = postSolution
		{E269F31E-A2E0-4B01-B9EF-8D4F87DE6160}.Debug|Any CPU.ActiveCfg = Debug|Any CPU
		{E269F31E-A2E0-4B01-B9EF-8D4F87DE6160}.Debug|Any CPU.Build.0 = Debug|Any CPU
		{E269F31E-A2E0-4B01-B9EF-8D4F87DE6160}.Release|Any CPU.ActiveCfg = Release|Any CPU
		{E269F31E-A2E0-4B01-B9EF-8D4F87DE6160}.Release|Any CPU.Build.0 = Release|Any CPU
		{226E3F90-29C5-4E3E-8CB3-D81912DE5FF5}.Debug|Any CPU.ActiveCfg = Debug|Any CPU
		{226E3F90-29C5-4E3E-8CB3-D81912DE5FF5}.Debug|Any CPU.Build.0 = Debug|Any CPU
		{226E3F90-29C5-4E3E-8CB3-D81912DE5FF5}.Release|Any CPU.ActiveCfg = Release|Any CPU
		{226E3F90-29C5-4E3E-8CB3-D81912DE5FF5}.Release|Any CPU.Build.0 = Release|Any CPU
		{B01C89F5-9AE9-47F2-BBA1-EE41A97FBB73}.Debug|Any CPU.ActiveCfg = Debug|Any CPU
		{B01C89F5-9AE9-47F2-BBA1-EE41A97FBB73}.Debug|Any CPU.Build.0 = Debug|Any CPU
		{B01C89F5-9AE9-47F2-BBA1-EE41A97FBB73}.Release|Any CPU.ActiveCfg = Release|Any CPU
		{B01C89F5-9AE9-47F2-BBA1-EE41A97FBB73}.Release|Any CPU.Build.0 = Release|Any CPU
		{8908652E-CC6E-4037-8BE0-E04E694E5F38}.Debug|Any CPU.ActiveCfg = Debug|Any CPU
		{8908652E-CC6E-4037-8BE0-E04E694E5F38}.Debug|Any CPU.Build.0 = Debug|Any CPU
		{8908652E-CC6E-4037-8BE0-E04E694E5F38}.Release|Any CPU.ActiveCfg = Release|Any CPU
		{8908652E-CC6E-4037-8BE0-E04E694E5F38}.Release|Any CPU.Build.0 = Release|Any CPU
		{6C994C1A-6DDD-40F8-9421-4ED86497185B}.Debug|Any CPU.ActiveCfg = Debug|Any CPU
		{6C994C1A-6DDD-40F8-9421-4ED86497185B}.Debug|Any CPU.Build.0 = Debug|Any CPU
		{6C994C1A-6DDD-40F8-9421-4ED86497185B}.Release|Any CPU.ActiveCfg = Release|Any CPU
		{6C994C1A-6DDD-40F8-9421-4ED86497185B}.Release|Any CPU.Build.0 = Release|Any CPU
		{8426FFCA-29D6-49B1-AA01-A42BD7E640D6}.Debug|Any CPU.ActiveCfg = Debug|Any CPU
		{8426FFCA-29D6-49B1-AA01-A42BD7E640D6}.Debug|Any CPU.Build.0 = Debug|Any CPU
		{8426FFCA-29D6-49B1-AA01-A42BD7E640D6}.Release|Any CPU.ActiveCfg = Release|Any CPU
		{8426FFCA-29D6-49B1-AA01-A42BD7E640D6}.Release|Any CPU.Build.0 = Release|Any CPU
		{0DC84DBC-FE29-41E6-9882-677AEA0B313E}.Debug|Any CPU.ActiveCfg = Debug|Any CPU
		{0DC84DBC-FE29-41E6-9882-677AEA0B313E}.Debug|Any CPU.Build.0 = Debug|Any CPU
		{0DC84DBC-FE29-41E6-9882-677AEA0B313E}.Release|Any CPU.ActiveCfg = Release|Any CPU
		{0DC84DBC-FE29-41E6-9882-677AEA0B313E}.Release|Any CPU.Build.0 = Release|Any CPU
		{958D6B87-6EED-41BA-BE0E-A770663DEAE9}.Debug|Any CPU.ActiveCfg = Debug|Any CPU
		{958D6B87-6EED-41BA-BE0E-A770663DEAE9}.Debug|Any CPU.Build.0 = Debug|Any CPU
		{958D6B87-6EED-41BA-BE0E-A770663DEAE9}.Release|Any CPU.ActiveCfg = Release|Any CPU
		{958D6B87-6EED-41BA-BE0E-A770663DEAE9}.Release|Any CPU.Build.0 = Release|Any CPU
		{EC09583C-FA88-47C5-8C57-E25AC0BB00AA}.Debug|Any CPU.ActiveCfg = Debug|Any CPU
		{EC09583C-FA88-47C5-8C57-E25AC0BB00AA}.Debug|Any CPU.Build.0 = Debug|Any CPU
		{EC09583C-FA88-47C5-8C57-E25AC0BB00AA}.Release|Any CPU.ActiveCfg = Release|Any CPU
		{EC09583C-FA88-47C5-8C57-E25AC0BB00AA}.Release|Any CPU.Build.0 = Release|Any CPU
		{3A16771D-910D-4EA1-BB1B-9264936CDD77}.Debug|Any CPU.ActiveCfg = Debug|Any CPU
		{3A16771D-910D-4EA1-BB1B-9264936CDD77}.Debug|Any CPU.Build.0 = Debug|Any CPU
		{3A16771D-910D-4EA1-BB1B-9264936CDD77}.Release|Any CPU.ActiveCfg = Release|Any CPU
		{3A16771D-910D-4EA1-BB1B-9264936CDD77}.Release|Any CPU.Build.0 = Release|Any CPU
		{460746E9-7AD7-477E-A0ED-0C768E85EDE4}.Debug|Any CPU.ActiveCfg = Debug|Any CPU
		{460746E9-7AD7-477E-A0ED-0C768E85EDE4}.Debug|Any CPU.Build.0 = Debug|Any CPU
		{460746E9-7AD7-477E-A0ED-0C768E85EDE4}.Release|Any CPU.ActiveCfg = Release|Any CPU
		{460746E9-7AD7-477E-A0ED-0C768E85EDE4}.Release|Any CPU.Build.0 = Release|Any CPU
		{21D5159F-95AC-4ADA-8A08-833BCBE0DABF}.Debug|Any CPU.ActiveCfg = Debug|Any CPU
		{21D5159F-95AC-4ADA-8A08-833BCBE0DABF}.Debug|Any CPU.Build.0 = Debug|Any CPU
		{21D5159F-95AC-4ADA-8A08-833BCBE0DABF}.Release|Any CPU.ActiveCfg = Release|Any CPU
		{21D5159F-95AC-4ADA-8A08-833BCBE0DABF}.Release|Any CPU.Build.0 = Release|Any CPU
		{305D7037-1EED-4F4B-922C-17BE235F1FE7}.Debug|Any CPU.ActiveCfg = Debug|Any CPU
		{305D7037-1EED-4F4B-922C-17BE235F1FE7}.Debug|Any CPU.Build.0 = Debug|Any CPU
		{305D7037-1EED-4F4B-922C-17BE235F1FE7}.Release|Any CPU.ActiveCfg = Release|Any CPU
		{305D7037-1EED-4F4B-922C-17BE235F1FE7}.Release|Any CPU.Build.0 = Release|Any CPU
		{3BEBD760-BE64-4AFC-9ACE-CFE14B30B292}.Debug|Any CPU.ActiveCfg = Debug|Any CPU
		{3BEBD760-BE64-4AFC-9ACE-CFE14B30B292}.Debug|Any CPU.Build.0 = Debug|Any CPU
		{3BEBD760-BE64-4AFC-9ACE-CFE14B30B292}.Release|Any CPU.ActiveCfg = Release|Any CPU
		{3BEBD760-BE64-4AFC-9ACE-CFE14B30B292}.Release|Any CPU.Build.0 = Release|Any CPU
		{56A4E12D-6274-4E74-9C9F-5E52323C29BE}.Debug|Any CPU.ActiveCfg = Debug|Any CPU
		{56A4E12D-6274-4E74-9C9F-5E52323C29BE}.Debug|Any CPU.Build.0 = Debug|Any CPU
		{56A4E12D-6274-4E74-9C9F-5E52323C29BE}.Release|Any CPU.ActiveCfg = Release|Any CPU
		{56A4E12D-6274-4E74-9C9F-5E52323C29BE}.Release|Any CPU.Build.0 = Release|Any CPU
		{44AF92B1-CA8E-460A-A62A-F8B1D2DDE7D4}.Debug|Any CPU.ActiveCfg = Debug|Any CPU
		{44AF92B1-CA8E-460A-A62A-F8B1D2DDE7D4}.Debug|Any CPU.Build.0 = Debug|Any CPU
		{44AF92B1-CA8E-460A-A62A-F8B1D2DDE7D4}.Release|Any CPU.ActiveCfg = Release|Any CPU
		{44AF92B1-CA8E-460A-A62A-F8B1D2DDE7D4}.Release|Any CPU.Build.0 = Release|Any CPU
	EndGlobalSection
	GlobalSection(SolutionProperties) = preSolution
		HideSolutionNode = FALSE
	EndGlobalSection
	GlobalSection(ExtensibilityGlobals) = postSolution
		SolutionGuid = {A9716691-3872-4FE9-8960-25DF06A04B69}
	EndGlobalSection
EndGlobal
